
Microsoft Visual Studio Solution File, Format Version 12.00
# Visual Studio Version 17
VisualStudioVersion = 17.2.32505.173
MinimumVisualStudioVersion = 10.0.40219.1
Project("{FAE04EC0-301F-11D3-BF4B-00C04F79EFBC}") = "lab06", "lab06\lab06.csproj", "{7753D7D9-DAB4-4DAF-91AD-33ABB438403D}"
EndProject
Global
	GlobalSection(SolutionConfigurationPlatforms) = preSolution
		Debug|Any CPU = Debug|Any CPU
		Release|Any CPU = Release|Any CPU
	EndGlobalSection
	GlobalSection(ProjectConfigurationPlatforms) = postSolution
		{7753D7D9-DAB4-4DAF-91AD-33ABB438403D}.Debug|Any CPU.ActiveCfg = Debug|Any CPU
		{7753D7D9-DAB4-4DAF-91AD-33ABB438403D}.Debug|Any CPU.Build.0 = Debug|Any CPU
		{7753D7D9-DAB4-4DAF-91AD-33ABB438403D}.Release|Any CPU.ActiveCfg = Release|Any CPU
		{7753D7D9-DAB4-4DAF-91AD-33ABB438403D}.Release|Any CPU.Build.0 = Release|Any CPU
	EndGlobalSection
	GlobalSection(SolutionProperties) = preSolution
		HideSolutionNode = FALSE
	EndGlobalSection
	GlobalSection(ExtensibilityGlobals) = postSolution
		SolutionGuid = {EB647082-0544-4E2C-AC5F-9B58B254B244}
	EndGlobalSection
EndGlobal
